
Microsoft Visual Studio Solution File, Format Version 12.00
# Visual Studio 15
VisualStudioVersion = 15.0.28307.489
MinimumVisualStudioVersion = 10.0.40219.1
Project("{FAE04EC0-301F-11D3-BF4B-00C04F79EFBC}") = "ServiceBustest", "ServiceBustest\ServiceBustest.csproj", "{D69ABD5C-D946-4CC3-9548-9AC7F7DF6386}"
EndProject
Global
	GlobalSection(SolutionConfigurationPlatforms) = preSolution
		Debug|Any CPU = Debug|Any CPU
		Release|Any CPU = Release|Any CPU
	EndGlobalSection
	GlobalSection(ProjectConfigurationPlatforms) = postSolution
		{D69ABD5C-D946-4CC3-9548-9AC7F7DF6386}.Debug|Any CPU.ActiveCfg = Debug|Any CPU
		{D69ABD5C-D946-4CC3-9548-9AC7F7DF6386}.Debug|Any CPU.Build.0 = Debug|Any CPU
		{D69ABD5C-D946-4CC3-9548-9AC7F7DF6386}.Release|Any CPU.ActiveCfg = Release|Any CPU
		{D69ABD5C-D946-4CC3-9548-9AC7F7DF6386}.Release|Any CPU.Build.0 = Release|Any CPU
	EndGlobalSection
	GlobalSection(SolutionProperties) = preSolution
		HideSolutionNode = FALSE
	EndGlobalSection
	GlobalSection(ExtensibilityGlobals) = postSolution
		SolutionGuid = {5090539C-6519-4BAF-8FEE-21A6CF5CC10A}
	EndGlobalSection
EndGlobal
